{
  "object": {
    "pins": [
      {
        "package": "GherkParser",
        "repositoryURL": "https://github.com/intelygenz/IOS-GherkParser",
        "state": {
          "branch": null,
          "revision": "c31d85905c1f873254eaf1155af77097511022f0",
          "version": "0.5.5"
        }
      }
    ]
  },
  "version": 1
}
